
Microsoft Visual Studio Solution File, Format Version 12.00
# Visual Studio Version 17
VisualStudioVersion = 17.14.36203.30
MinimumVisualStudioVersion = 10.0.40219.1
Project("{FAE04EC0-301F-11D3-BF4B-00C04F79EFBC}") = "ServiceBusReceiverModule", "ServiceBusReceiver\ServiceBusReceiverModule.csproj", "{77FBC42F-3009-4458-AEF8-C0C8F11BB2D9}"
EndProject
Global
	GlobalSection(SolutionConfigurationPlatforms) = preSolution
		Debug|Any CPU = Debug|Any CPU
		Release|Any CPU = Release|Any CPU
	EndGlobalSection
	GlobalSection(ProjectConfigurationPlatforms) = postSolution
		{77FBC42F-3009-4458-AEF8-C0C8F11BB2D9}.Debug|Any CPU.ActiveCfg = Debug|Any CPU
		{77FBC42F-3009-4458-AEF8-C0C8F11BB2D9}.Debug|Any CPU.Build.0 = Debug|Any CPU
		{77FBC42F-3009-4458-AEF8-C0C8F11BB2D9}.Release|Any CPU.ActiveCfg = Release|Any CPU
		{77FBC42F-3009-4458-AEF8-C0C8F11BB2D9}.Release|Any CPU.Build.0 = Release|Any CPU
	EndGlobalSection
	GlobalSection(SolutionProperties) = preSolution
		HideSolutionNode = FALSE
	EndGlobalSection
	GlobalSection(ExtensibilityGlobals) = postSolution
		SolutionGuid = {CEC1D556-D15E-4FDA-B937-8511C946CF03}
	EndGlobalSection
EndGlobal
